
Microsoft Visual Studio Solution File, Format Version 12.00
# Visual Studio Version 17
VisualStudioVersion = 17.14.36301.6 d17.14
MinimumVisualStudioVersion = 10.0.40219.1
Project("{8BC9CEB8-8B4A-11D0-8D11-00A0C91BC942}") = "Iostream Study", "Iostream Study.vcxproj", "{989CD14C-76F5-4A3C-B269-B9671A4B4FE3}"
EndProject
Global
	GlobalSection(SolutionConfigurationPlatforms) = preSolution
		Debug|x64 = Debug|x64
		Debug|x86 = Debug|x86
		Release|x64 = Release|x64
		Release|x86 = Release|x86
	EndGlobalSection
	GlobalSection(ProjectConfigurationPlatforms) = postSolution
		{989CD14C-76F5-4A3C-B269-B9671A4B4FE3}.Debug|x64.ActiveCfg = Debug|x64
		{989CD14C-76F5-4A3C-B269-B9671A4B4FE3}.Debug|x64.Build.0 = Debug|x64
		{989CD14C-76F5-4A3C-B269-B9671A4B4FE3}.Debug|x86.ActiveCfg = Debug|Win32
		{989CD14C-76F5-4A3C-B269-B9671A4B4FE3}.Debug|x86.Build.0 = Debug|Win32
		{989CD14C-76F5-4A3C-B269-B9671A4B4FE3}.Release|x64.ActiveCfg = Release|x64
		{989CD14C-76F5-4A3C-B269-B9671A4B4FE3}.Release|x64.Build.0 = Release|x64
		{989CD14C-76F5-4A3C-B269-B9671A4B4FE3}.Release|x86.ActiveCfg = Release|Win32
		{989CD14C-76F5-4A3C-B269-B9671A4B4FE3}.Release|x86.Build.0 = Release|Win32
	EndGlobalSection
	GlobalSection(SolutionProperties) = preSolution
		HideSolutionNode = FALSE
	EndGlobalSection
	GlobalSection(ExtensibilityGlobals) = postSolution
		SolutionGuid = {79E246B4-025A-4A30-963B-127653CD0C18}
	EndGlobalSection
EndGlobal
