
Microsoft Visual Studio Solution File, Format Version 12.00
# Visual Studio Version 17
VisualStudioVersion = 17.14.36301.6 d17.14
MinimumVisualStudioVersion = 10.0.40219.1
Project("{8BC9CEB8-8B4A-11D0-8D11-00A0C91BC942}") = "HelloWorld-2", "HelloWorld-2.vcxproj", "{B6C2929E-7D24-4C1B-818B-449463F44AEA}"
EndProject
Global
	GlobalSection(SolutionConfigurationPlatforms) = preSolution
		Debug|x64 = Debug|x64
		Debug|x86 = Debug|x86
		Release|x64 = Release|x64
		Release|x86 = Release|x86
	EndGlobalSection
	GlobalSection(ProjectConfigurationPlatforms) = postSolution
		{B6C2929E-7D24-4C1B-818B-449463F44AEA}.Debug|x64.ActiveCfg = Debug|x64
		{B6C2929E-7D24-4C1B-818B-449463F44AEA}.Debug|x64.Build.0 = Debug|x64
		{B6C2929E-7D24-4C1B-818B-449463F44AEA}.Debug|x86.ActiveCfg = Debug|Win32
		{B6C2929E-7D24-4C1B-818B-449463F44AEA}.Debug|x86.Build.0 = Debug|Win32
		{B6C2929E-7D24-4C1B-818B-449463F44AEA}.Release|x64.ActiveCfg = Release|x64
		{B6C2929E-7D24-4C1B-818B-449463F44AEA}.Release|x64.Build.0 = Release|x64
		{B6C2929E-7D24-4C1B-818B-449463F44AEA}.Release|x86.ActiveCfg = Release|Win32
		{B6C2929E-7D24-4C1B-818B-449463F44AEA}.Release|x86.Build.0 = Release|Win32
	EndGlobalSection
	GlobalSection(SolutionProperties) = preSolution
		HideSolutionNode = FALSE
	EndGlobalSection
	GlobalSection(ExtensibilityGlobals) = postSolution
		SolutionGuid = {8509EFE3-1F9C-4F13-B697-D341FAD6FF2D}
	EndGlobalSection
EndGlobal
